
Microsoft Visual Studio Solution File, Format Version 12.00
# Visual Studio Version 17
VisualStudioVersion = 17.5.33627.172
MinimumVisualStudioVersion = 10.0.40219.1
Project("{FAE04EC0-301F-11D3-BF4B-00C04F79EFBC}") = "FignumCodingTest", "FignumCodingTest\FignumCodingTest.csproj", "{87AA4B3D-A3E6-4B53-B2EC-A24FC7A888B7}"
EndProject
Project("{FAE04EC0-301F-11D3-BF4B-00C04F79EFBC}") = "TestFignumCodingTest.Test", "TestFignumCodingTest.Test\TestFignumCodingTest.Test.csproj", "{014FBE59-919E-49F3-9E50-2051B6A6597D}"
EndProject
Global
	GlobalSection(SolutionConfigurationPlatforms) = preSolution
		Debug|Any CPU = Debug|Any CPU
		Release|Any CPU = Release|Any CPU
	EndGlobalSection
	GlobalSection(ProjectConfigurationPlatforms) = postSolution
		{87AA4B3D-A3E6-4B53-B2EC-A24FC7A888B7}.Debug|Any CPU.ActiveCfg = Debug|Any CPU
		{87AA4B3D-A3E6-4B53-B2EC-A24FC7A888B7}.Debug|Any CPU.Build.0 = Debug|Any CPU
		{87AA4B3D-A3E6-4B53-B2EC-A24FC7A888B7}.Release|Any CPU.ActiveCfg = Release|Any CPU
		{87AA4B3D-A3E6-4B53-B2EC-A24FC7A888B7}.Release|Any CPU.Build.0 = Release|Any CPU
		{014FBE59-919E-49F3-9E50-2051B6A6597D}.Debug|Any CPU.ActiveCfg = Debug|Any CPU
		{014FBE59-919E-49F3-9E50-2051B6A6597D}.Debug|Any CPU.Build.0 = Debug|Any CPU
		{014FBE59-919E-49F3-9E50-2051B6A6597D}.Release|Any CPU.ActiveCfg = Release|Any CPU
		{014FBE59-919E-49F3-9E50-2051B6A6597D}.Release|Any CPU.Build.0 = Release|Any CPU
	EndGlobalSection
	GlobalSection(SolutionProperties) = preSolution
		HideSolutionNode = FALSE
	EndGlobalSection
	GlobalSection(ExtensibilityGlobals) = postSolution
		SolutionGuid = {320EF0A3-47BA-4BB3-9F18-E7F44F116F83}
	EndGlobalSection
EndGlobal
